// !$*UTF8*$!
{
	archiveVersion = 1;
	classes = {
	};
	objectVersion = 46;
	objects = {

/* Begin PBXBuildFile section */
		32DBD3321B1C16050000150E /* main.m in Sources */ = {isa = PBXBuildFile; fileRef = 32DBD3311B1C16050000150E /* main.m */; };
		32DBD3351B1C16050000150E /* AppDelegate.m in Sources */ = {isa = PBXBuildFile; fileRef = 32DBD3341B1C16050000150E /* AppDelegate.m */; };
		32DBD3381B1C16050000150E /* ViewController.m in Sources */ = {isa = PBXBuildFile; fileRef = 32DBD3371B1C16050000150E /* ViewController.m */; };
		32DBD33B1B1C16050000150E /* Main.storyboard in Resources */ = {isa = PBXBuildFile; fileRef = 32DBD3391B1C16050000150E /* Main.storyboard */; };
		32DBD33D1B1C16050000150E /* Images.xcassets in Resources */ = {isa = PBXBuildFile; fileRef = 32DBD33C1B1C16050000150E /* Images.xcassets */; };
		32DBD3401B1C16050000150E /* LaunchScreen.xib in Resources */ = {isa = PBXBuildFile; fileRef = 32DBD33E1B1C16050000150E /* LaunchScreen.xib */; };
		32DBD34C1B1C16050000150E /* GeocodeTests.m in Sources */ = {isa = PBXBuildFile; fileRef = 32DBD34B1B1C16050000150E /* GeocodeTests.m */; };
/* End PBXBuildFile section */

/* Begin PBXContainerItemProxy section */
		32DBD3461B1C16050000150E /* PBXContainerItemProxy */ = {
			isa = PBXContainerItemProxy;
			containerPortal = 32DBD3241B1C16050000150E /* Project object */;
			proxyType = 1;
			remoteGlobalIDString = 32DBD32B1B1C16050000150E;
			remoteInfo = Geocode;
		};
/* End PBXContainerItemProxy section */

/* Begin PBXFileReference section */
		32DBD32C1B1C16050000150E /* Geocode.app */ = {isa = PBXFileReference; explicitFileType = wrapper.application; includeInIndex = 0; path = Geocode.app; sourceTree = BUILT_PRODUCTS_DIR; };
		32DBD3301B1C16050000150E /* Info.plist */ = {isa = PBXFileReference; lastKnownFileType = text.plist.xml; path = Info.plist; sourceTree = "<group>"; };
		32DBD3311B1C16050000150E /* main.m */ = {isa = PBXFileReference; lastKnownFileType = sourcecode.c.objc; path = main.m; sourceTree = "<group>"; };
		32DBD3331B1C16050000150E /* AppDelegate.h */ = {isa = PBXFileReference; lastKnownFileType = sourcecode.c.h; path = AppDelegate.h; sourceTree = "<group>"; };
		32DBD3341B1C16050000150E /* AppDelegate.m */ = {isa = PBXFileReference; lastKnownFileType = sourcecode.c.objc; path = AppDelegate.m; sourceTree = "<group>"; };
		32DBD3361B1C16050000150E /* ViewController.h */ = {isa = PBXFileReference; lastKnownFileType = sourcecode.c.h; path = ViewController.h; sourceTree = "<group>"; };
		32DBD3371B1C16050000150E /* ViewController.m */ = {isa = PBXFileReference; lastKnownFileType = sourcecode.c.objc; path = ViewController.m; sourceTree = "<group>"; };
		32DBD33A1B1C16050000150E /* Base */ = {isa = PBXFileReference; lastKnownFileType = file.storyboard; name = Base; path = Base.lproj/Main.storyboard; sourceTree = "<group>"; };
		32DBD33C1B1C16050000150E /* Images.xcassets */ = {isa = PBXFileReference; lastKnownFileType = folder.assetcatalog; path = Images.xcassets; sourceTree = "<group>"; };
		32DBD33F1B1C16050000150E /* Base */ = {isa = PBXFileReference; lastKnownFileType = file.xib; name = Base; path = Base.lproj/LaunchScreen.xib; sourceTree = "<group>"; };
		32DBD3451B1C16050000150E /* GeocodeTests.xctest */ = {isa = PBXFileReference; explicitFileType = wrapper.cfbundle; includeInIndex = 0; path = GeocodeTests.xctest; sourceTree = BUILT_PRODUCTS_DIR; };
		32DBD34A1B1C16050000150E /* Info.plist */ = {isa = PBXFileReference; lastKnownFileType = text.plist.xml; path = Info.plist; sourceTree = "<group>"; };
		32DBD34B1B1C16050000150E /* GeocodeTests.m */ = {isa = PBXFileReference; lastKnownFileType = sourcecode.c.objc; path = GeocodeTests.m; sourceTree = "<group>"; };
/* End PBXFileReference section */

/* Begin PBXFrameworksBuildPhase section */
		32DBD3291B1C16050000150E /* Frameworks */ = {
			isa = PBXFrameworksBuildPhase;
			buildActionMask = 2147483647;
			files = (
			);
			runOnlyForDeploymentPostprocessing = 0;
		};
		32DBD3421B1C16050000150E /* Frameworks */ = {
			isa = PBXFrameworksBuildPhase;
			buildActionMask = 2147483647;
			files = (
			);
			runOnlyForDeploymentPostprocessing = 0;
		};
/* End PBXFrameworksBuildPhase section */

/* Begin PBXGroup section */
		32DBD3231B1C16050000150E = {
			isa = PBXGroup;
			children = (
				32DBD32E1B1C16050000150E /* Geocode */,
				32DBD3481B1C16050000150E /* GeocodeTests */,
				32DBD32D1B1C16050000150E /* Products */,
			);
			sourceTree = "<group>";
		};
		32DBD32D1B1C16050000150E /* Products */ = {
			isa = PBXGroup;
			children = (
				32DBD32C1B1C16050000150E /* Geocode.app */,
				32DBD3451B1C16050000150E /* GeocodeTests.xctest */,
			);
			name = Products;
			sourceTree = "<group>";
		};
		32DBD32E1B1C16050000150E /* Geocode */ = {
			isa = PBXGroup;
			children = (
				32DBD3331B1C16050000150E /* AppDelegate.h */,
				32DBD3341B1C16050000150E /* AppDelegate.m */,
				32DBD3361B1C16050000150E /* ViewController.h */,
				32DBD3371B1C16050000150E /* ViewController.m */,
				32DBD3391B1C16050000150E /* Main.storyboard */,
				32DBD33C1B1C16050000150E /* Images.xcassets */,
				32DBD33E1B1C16050000150E /* LaunchScreen.xib */,
				32DBD32F1B1C16050000150E /* Supporting Files */,
			);
			path = Geocode;
			sourceTree = "<group>";
		};
		32DBD32F1B1C16050000150E /* Supporting Files */ = {
			isa = PBXGroup;
			children = (
				32DBD3301B1C16050000150E /* Info.plist */,
				32DBD3311B1C16050000150E /* main.m */,
			);
			name = "Supporting Files";
			sourceTree = "<group>";
		};
		32DBD3481B1C16050000150E /* GeocodeTests */ = {
			isa = PBXGroup;
			children = (
				32DBD34B1B1C16050000150E /* GeocodeTests.m */,
				32DBD3491B1C16050000150E /* Supporting Files */,
			);
			path = GeocodeTests;
			sourceTree = "<group>";
		};
		32DBD3491B1C16050000150E /* Supporting Files */ = {
			isa = PBXGroup;
			children = (
				32DBD34A1B1C16050000150E /* Info.plist */,
			);
			name = "Supporting Files";
			sourceTree = "<group>";
		};
/* End PBXGroup section */

/* Begin PBXNativeTarget section */
		32DBD32B1B1C16050000150E /* Geocode */ = {
			isa = PBXNativeTarget;
			buildConfigurationList = 32DBD34F1B1C16050000150E /* Build configuration list for PBXNativeTarget "Geocode" */;
			buildPhases = (
				32DBD3281B1C16050000150E /* Sources */,
				32DBD3291B1C16050000150E /* Frameworks */,
				32DBD32A1B1C16050000150E /* Resources */,
			);
			buildRules = (
			);
			dependencies = (
			);
			name = Geocode;
			productName = Geocode;
			productReference = 32DBD32C1B1C16050000150E /* Geocode.app */;
			productType = "com.apple.product-type.application";
		};
		32DBD3441B1C16050000150E /* GeocodeTests */ = {
			isa = PBXNativeTarget;
			buildConfigurationList = 32DBD3521B1C16050000150E /* Build configuration list for PBXNativeTarget "GeocodeTests" */;
			buildPhases = (
				32DBD3411B1C16050000150E /* Sources */,
				32DBD3421B1C16050000150E /* Frameworks */,
				32DBD3431B1C16050000150E /* Resources */,
			);
			buildRules = (
			);
			dependencies = (
				32DBD3471B1C16050000150E /* PBXTargetDependency */,
			);
			name = GeocodeTests;
			productName = GeocodeTests;
			productReference = 32DBD3451B1C16050000150E /* GeocodeTests.xctest */;
			productType = "com.apple.product-type.bundle.unit-test";
		};
/* End PBXNativeTarget section */

/* Begin PBXProject section */
		32DBD3241B1C16050000150E /* Project object */ = {
			isa = PBXProject;
			attributes = {
				LastUpgradeCheck = 0630;
				ORGANIZATIONNAME = Pradip;
				TargetAttributes = {
					32DBD32B1B1C16050000150E = {
						CreatedOnToolsVersion = 6.3;
					};
					32DBD3441B1C16050000150E = {
						CreatedOnToolsVersion = 6.3;
						TestTargetID = 32DBD32B1B1C16050000150E;
					};
				};
			};
			buildConfigurationList = 32DBD3271B1C16050000150E /* Build configuration list for PBXProject "Geocode" */;
			compatibilityVersion = "Xcode 3.2";
			developmentRegion = English;
			hasScannedForEncodings = 0;
			knownRegions = (
				en,
				Base,
			);
			mainGroup = 32DBD3231B1C16050000150E;
			productRefGroup = 32DBD32D1B1C16050000150E /* Products */;
			projectDirPath = "";
			projectRoot = "";
			targets = (
				32DBD32B1B1C16050000150E /* Geocode */,
				32DBD3441B1C16050000150E /* GeocodeTests */,
			);
		};
/* End PBXProject section */

/* Begin PBXResourcesBuildPhase section */
		32DBD32A1B1C16050000150E /* Resources */ = {
			isa = PBXResourcesBuildPhase;
			buildActionMask = 2147483647;
			files = (
				32DBD33B1B1C16050000150E /* Main.storyboard in Resources */,
				32DBD3401B1C16050000150E /* LaunchScreen.xib in Resources */,
				32DBD33D1B1C16050000150E /* Images.xcassets in Resources */,
			);
			runOnlyForDeploymentPostprocessing = 0;
		};
		32DBD3431B1C16050000150E /* Resources */ = {
			isa = PBXResourcesBuildPhase;
			buildActionMask = 2147483647;
			files = (
			);
			runOnlyForDeploymentPostprocessing = 0;
		};
/* End PBXResourcesBuildPhase section */

/* Begin PBXSourcesBuildPhase section */
		32DBD3281B1C16050000150E /* Sources */ = {
			isa = PBXSourcesBuildPhase;
			buildActionMask = 2147483647;
			files = (
				32DBD3381B1C16050000150E /* ViewController.m in Sources */,
				32DBD3351B1C16050000150E /* AppDelegate.m in Sources */,
				32DBD3321B1C16050000150E /* main.m in Sources */,
			);
			runOnlyForDeploymentPostprocessing = 0;
		};
		32DBD3411B1C16050000150E /* Sources */ = {
			isa = PBXSourcesBuildPhase;
			buildActionMask = 2147483647;
			files = (
				32DBD34C1B1C16050000150E /* GeocodeTests.m in Sources */,
			);
			runOnlyForDeploymentPostprocessing = 0;
		};
/* End PBXSourcesBuildPhase section */

/* Begin PBXTargetDependency section */
		32DBD3471B1C16050000150E /* PBXTargetDependency */ = {
			isa = PBXTargetDependency;
			target = 32DBD32B1B1C16050000150E /* Geocode */;
			targetProxy = 32DBD3461B1C16050000150E /* PBXContainerItemProxy */;
		};
/* End PBXTargetDependency section */

/* Begin PBXVariantGroup section */
		32DBD3391B1C16050000150E /* Main.storyboard */ = {
			isa = PBXVariantGroup;
			children = (
				32DBD33A1B1C16050000150E /* Base */,
			);
			name = Main.storyboard;
			sourceTree = "<group>";
		};
		32DBD33E1B1C16050000150E /* LaunchScreen.xib */ = {
			isa = PBXVariantGroup;
			children = (
				32DBD33F1B1C16050000150E /* Base */,
			);
			name = LaunchScreen.xib;
			sourceTree = "<group>";
		};
/* End PBXVariantGroup section */

/* Begin XCBuildConfiguration section */
		32DBD34D1B1C16050000150E /* Debug */ = {
			isa = XCBuildConfiguration;
			buildSettings = {
				ALWAYS_SEARCH_USER_PATHS = NO;
				CLANG_CXX_LANGUAGE_STANDARD = "gnu++0x";
				CLANG_CXX_LIBRARY = "libc++";
				CLANG_ENABLE_MODULES = YES;
				CLANG_ENABLE_OBJC_ARC = YES;
				CLANG_WARN_BOOL_CONVERSION = YES;
				CLANG_WARN_CONSTANT_CONVERSION = YES;
				CLANG_WARN_DIRECT_OBJC_ISA_USAGE = YES_ERROR;
				CLANG_WARN_EMPTY_BODY = YES;
				CLANG_WARN_ENUM_CONVERSION = YES;
				CLANG_WARN_INT_CONVERSION = YES;
				CLANG_WARN_OBJC_ROOT_CLASS = YES_ERROR;
				CLANG_WARN_UNREACHABLE_CODE = YES;
				CLANG_WARN__DUPLICATE_METHOD_MATCH = YES;
				"CODE_SIGN_IDENTITY[sdk=iphoneos*]" = "iPhone Developer";
				COPY_PHASE_STRIP = NO;
				DEBUG_INFORMATION_FORMAT = "dwarf-with-dsym";
				ENABLE_STRICT_OBJC_MSGSEND = YES;
				GCC_C_LANGUAGE_STANDARD = gnu99;
				GCC_DYNAMIC_NO_PIC = NO;
				GCC_NO_COMMON_BLOCKS = YES;
				GCC_OPTIMIZATION_LEVEL = 0;
				GCC_PREPROCESSOR_DEFINITIONS = (
					"DEBUG=1",
					"$(inherited)",
				);
				GCC_SYMBOLS_PRIVATE_EXTERN = NO;
				GCC_WARN_64_TO_32_BIT_CONVERSION = YES;
				GCC_WARN_ABOUT_RETURN_TYPE = YES_ERROR;
				GCC_WARN_UNDECLARED_SELECTOR = YES;
				GCC_WARN_UNINITIALIZED_AUTOS = YES_AGGRESSIVE;
				GCC_WARN_UNUSED_FUNCTION = YES;
				GCC_WARN_UNUSED_VARIABLE = YES;
				IPHONEOS_DEPLOYMENT_TARGET = 8.3;
				MTL_ENABLE_DEBUG_INFO = YES;
				ONLY_ACTIVE_ARCH = YES;
				SDKROOT = iphoneos;
			};
			name = Debug;
		};
		32DBD34E1B1C16050000150E /* Release */ = {
			isa = XCBuildConfiguration;
			buildSettings = {
				ALWAYS_SEARCH_USER_PATHS = NO;
				CLANG_CXX_LANGUAGE_STANDARD = "gnu++0x";
				CLANG_CXX_LIBRARY = "libc++";
				CLANG_ENABLE_MODULES = YES;
				CLANG_ENABLE_OBJC_ARC = YES;
				CLANG_WARN_BOOL_CONVERSION = YES;
				CLANG_WARN_CONSTANT_CONVERSION = YES;
				CLANG_WARN_DIRECT_OBJC_ISA_USAGE = YES_ERROR;
				CLANG_WARN_EMPTY_BODY = YES;
				CLANG_WARN_ENUM_CONVERSION = YES;
				CLANG_WARN_INT_CONVERSION = YES;
				CLANG_WARN_OBJC_ROOT_CLASS = YES_ERROR;
				CLANG_WARN_UNREACHABLE_CODE = YES;
				CLANG_WARN__DUPLICATE_METHOD_MATCH = YES;
				"CODE_SIGN_IDENTITY[sdk=iphoneos*]" = "iPhone Developer";
				COPY_PHASE_STRIP = NO;
				DEBUG_INFORMATION_FORMAT = "dwarf-with-dsym";
				ENABLE_NS_ASSERTIONS = NO;
				ENABLE_STRICT_OBJC_MSGSEND = YES;
				GCC_C_LANGUAGE_STANDARD = gnu99;
				GCC_NO_COMMON_BLOCKS = YES;
				GCC_WARN_64_TO_32_BIT_CONVERSION = YES;
				GCC_WARN_ABOUT_RETURN_TYPE = YES_ERROR;
				GCC_WARN_UNDECLARED_SELECTOR = YES;
				GCC_WARN_UNINITIALIZED_AUTOS = YES_AGGRESSIVE;
				GCC_WARN_UNUSED_FUNCTION = YES;
				GCC_WARN_UNUSED_VARIABLE = YES;
				IPHONEOS_DEPLOYMENT_TARGET = 8.3;
				MTL_ENABLE_DEBUG_INFO = NO;
				SDKROOT = iphoneos;
				VALIDATE_PRODUCT = YES;
			};
			name = Release;
		};
		32DBD3501B1C16050000150E /* Debug */ = {
			isa = XCBuildConfiguration;
			buildSettings = {
				ASSETCATALOG_COMPILER_APPICON_NAME = AppIcon;
				INFOPLIST_FILE = Geocode/Info.plist;
				LD_RUNPATH_SEARCH_PATHS = "$(inherited) @executable_path/Frameworks";
				PRODUCT_NAME = "$(TARGET_NAME)";
			};
			name = Debug;
		};
		32DBD3511B1C16050000150E /* Release */ = {
			isa = XCBuildConfiguration;
			buildSettings = {
				ASSETCATALOG_COMPILER_APPICON_NAME = AppIcon;
				INFOPLIST_FILE = Geocode/Info.plist;
				LD_RUNPATH_SEARCH_PATHS = "$(inherited) @executable_path/Frameworks";
				PRODUCT_NAME = "$(TARGET_NAME)";
			};
			name = Release;
		};
		32DBD3531B1C16050000150E /* Debug */ = {
			isa = XCBuildConfiguration;
			buildSettings = {
				BUNDLE_LOADER = "$(TEST_HOST)";
				FRAMEWORK_SEARCH_PATHS = (
					"$(SDKROOT)/Developer/Library/Frameworks",
					"$(inherited)",
				);
				GCC_PREPROCESSOR_DEFINITIONS = (
					"DEBUG=1",
					"$(inherited)",
				);
				INFOPLIST_FILE = GeocodeTests/Info.plist;
				LD_RUNPATH_SEARCH_PATHS = "$(inherited) @executable_path/Frameworks @loader_path/Frameworks";
				PRODUCT_NAME = "$(TARGET_NAME)";
				TEST_HOST = "$(BUILT_PRODUCTS_DIR)/Geocode.app/Geocode";
			};
			name = Debug;
		};
		32DBD3541B1C16050000150E /* Release */ = {
			isa = XCBuildConfiguration;
			buildSettings = {
				BUNDLE_LOADER = "$(TEST_HOST)";
				FRAMEWORK_SEARCH_PATHS = (
					"$(SDKROOT)/Developer/Library/Frameworks",
					"$(inherited)",
				);
				INFOPLIST_FILE = GeocodeTests/Info.plist;
				LD_RUNPATH_SEARCH_PATHS = "$(inherited) @executable_path/Frameworks @loader_path/Frameworks";
				PRODUCT_NAME = "$(TARGET_NAME)";
				TEST_HOST = "$(BUILT_PRODUCTS_DIR)/Geocode.app/Geocode";
			};
			name = Release;
		};
/* End XCBuildConfiguration section */

/* Begin XCConfigurationList section */
		32DBD3271B1C16050000150E /* Build configuration list for PBXProject "Geocode" */ = {
			isa = XCConfigurationList;
			buildConfigurations = (
				32DBD34D1B1C16050000150E /* Debug */,
				32DBD34E1B1C16050000150E /* Release */,
			);
			defaultConfigurationIsVisible = 0;
			defaultConfigurationName = Release;
		};
		32DBD34F1B1C16050000150E /* Build configuration list for PBXNativeTarget "Geocode" */ = {
			isa = XCConfigurationList;
			buildConfigurations = (
				32DBD3501B1C16050000150E /* Debug */,
				32DBD3511B1C16050000150E /* Release */,
			);
			defaultConfigurationIsVisible = 0;
		};
		32DBD3521B1C16050000150E /* Build configuration list for PBXNativeTarget "GeocodeTests" */ = {
			isa = XCConfigurationList;
			buildConfigurations = (
				32DBD3531B1C16050000150E /* Debug */,
				32DBD3541B1C16050000150E /* Release */,
			);
			defaultConfigurationIsVisible = 0;
		};
/* End XCConfigurationList section */
	};
	rootObject = 32DBD3241B1C16050000150E /* Project object */;
}
